
Microsoft Visual Studio Solution File, Format Version 10.00
# Visual C++ Express 2008
Project("{8BC9CEB8-8B4A-11D0-8D11-00A0C91BC942}") = "ProcTerrain", "ProcTerrain\ProcTerrain.vcproj", "{699F7AF5-EB3B-445A-810E-ADFEA41A02BC}"
	ProjectSection(ProjectDependencies) = postProject
		{99E44E46-10B0-4928-903F-49138F1E5819} = {99E44E46-10B0-4928-903F-49138F1E5819}
		{BAA85EB9-BE33-45FB-B552-0AB3AC4D9CA9} = {BAA85EB9-BE33-45FB-B552-0AB3AC4D9CA9}
	EndProjectSection
EndProject
Project("{8BC9CEB8-8B4A-11D0-8D11-00A0C91BC942}") = "GLFW", "libs\glfw\support\msvc80\GLFW.vcproj", "{BAA85EB9-BE33-45FB-B552-0AB3AC4D9CA9}"
EndProject
Project("{8BC9CEB8-8B4A-11D0-8D11-00A0C91BC942}") = "glew_static", "libs\glew\build\vc6\glew_static.vcproj", "{99E44E46-10B0-4928-903F-49138F1E5819}"
EndProject
Project("{8BC9CEB8-8B4A-11D0-8D11-00A0C91BC942}") = "ftgl_static", "libs\ftgl\msvc\vc8\ftgl_static.vcproj", "{1D758EEA-59C3-46E4-BEF5-16DCCA8C0B21}"
EndProject
Project("{8BC9CEB8-8B4A-11D0-8D11-00A0C91BC942}") = "freetype", "libs\freetype\builds\win32\vc2008\freetype.vcproj", "{78B079BD-9FC7-4B9E-B4A6-96DA0F00248B}"
EndProject
Global
	GlobalSection(SolutionConfigurationPlatforms) = preSolution
		Debug Multithreaded|Win32 = Debug Multithreaded|Win32
		Debug MX|Win32 = Debug MX|Win32
		Debug Singlethreaded|Win32 = Debug Singlethreaded|Win32
		Debug|Win32 = Debug|Win32
		Release Multithreaded|Win32 = Release Multithreaded|Win32
		Release MX|Win32 = Release MX|Win32
		Release Singlethreaded|Win32 = Release Singlethreaded|Win32
		Release|Win32 = Release|Win32
	EndGlobalSection
	GlobalSection(ProjectConfigurationPlatforms) = postSolution
		{699F7AF5-EB3B-445A-810E-ADFEA41A02BC}.Debug Multithreaded|Win32.ActiveCfg = Debug|Win32
		{699F7AF5-EB3B-445A-810E-ADFEA41A02BC}.Debug Multithreaded|Win32.Build.0 = Debug|Win32
		{699F7AF5-EB3B-445A-810E-ADFEA41A02BC}.Debug MX|Win32.ActiveCfg = Debug|Win32
		{699F7AF5-EB3B-445A-810E-ADFEA41A02BC}.Debug MX|Win32.Build.0 = Debug|Win32
		{699F7AF5-EB3B-445A-810E-ADFEA41A02BC}.Debug Singlethreaded|Win32.ActiveCfg = Debug|Win32
		{699F7AF5-EB3B-445A-810E-ADFEA41A02BC}.Debug Singlethreaded|Win32.Build.0 = Debug|Win32
		{699F7AF5-EB3B-445A-810E-ADFEA41A02BC}.Debug|Win32.ActiveCfg = Debug|Win32
		{699F7AF5-EB3B-445A-810E-ADFEA41A02BC}.Debug|Win32.Build.0 = Debug|Win32
		{699F7AF5-EB3B-445A-810E-ADFEA41A02BC}.Release Multithreaded|Win32.ActiveCfg = Release|Win32
		{699F7AF5-EB3B-445A-810E-ADFEA41A02BC}.Release Multithreaded|Win32.Build.0 = Release|Win32
		{699F7AF5-EB3B-445A-810E-ADFEA41A02BC}.Release MX|Win32.ActiveCfg = Release|Win32
		{699F7AF5-EB3B-445A-810E-ADFEA41A02BC}.Release MX|Win32.Build.0 = Release|Win32
		{699F7AF5-EB3B-445A-810E-ADFEA41A02BC}.Release Singlethreaded|Win32.ActiveCfg = Release|Win32
		{699F7AF5-EB3B-445A-810E-ADFEA41A02BC}.Release Singlethreaded|Win32.Build.0 = Release|Win32
		{699F7AF5-EB3B-445A-810E-ADFEA41A02BC}.Release|Win32.ActiveCfg = Release|Win32
		{699F7AF5-EB3B-445A-810E-ADFEA41A02BC}.Release|Win32.Build.0 = Release|Win32
		{BAA85EB9-BE33-45FB-B552-0AB3AC4D9CA9}.Debug Multithreaded|Win32.ActiveCfg = Debug|Win32
		{BAA85EB9-BE33-45FB-B552-0AB3AC4D9CA9}.Debug Multithreaded|Win32.Build.0 = Debug|Win32
		{BAA85EB9-BE33-45FB-B552-0AB3AC4D9CA9}.Debug MX|Win32.ActiveCfg = Debug|Win32
		{BAA85EB9-BE33-45FB-B552-0AB3AC4D9CA9}.Debug MX|Win32.Build.0 = Debug|Win32
		{BAA85EB9-BE33-45FB-B552-0AB3AC4D9CA9}.Debug Singlethreaded|Win32.ActiveCfg = Debug|Win32
		{BAA85EB9-BE33-45FB-B552-0AB3AC4D9CA9}.Debug Singlethreaded|Win32.Build.0 = Debug|Win32
		{BAA85EB9-BE33-45FB-B552-0AB3AC4D9CA9}.Debug|Win32.ActiveCfg = Debug|Win32
		{BAA85EB9-BE33-45FB-B552-0AB3AC4D9CA9}.Debug|Win32.Build.0 = Debug|Win32
		{BAA85EB9-BE33-45FB-B552-0AB3AC4D9CA9}.Release Multithreaded|Win32.ActiveCfg = Release|Win32
		{BAA85EB9-BE33-45FB-B552-0AB3AC4D9CA9}.Release Multithreaded|Win32.Build.0 = Release|Win32
		{BAA85EB9-BE33-45FB-B552-0AB3AC4D9CA9}.Release MX|Win32.ActiveCfg = Release|Win32
		{BAA85EB9-BE33-45FB-B552-0AB3AC4D9CA9}.Release MX|Win32.Build.0 = Release|Win32
		{BAA85EB9-BE33-45FB-B552-0AB3AC4D9CA9}.Release Singlethreaded|Win32.ActiveCfg = Release|Win32
		{BAA85EB9-BE33-45FB-B552-0AB3AC4D9CA9}.Release Singlethreaded|Win32.Build.0 = Release|Win32
		{BAA85EB9-BE33-45FB-B552-0AB3AC4D9CA9}.Release|Win32.ActiveCfg = Release|Win32
		{BAA85EB9-BE33-45FB-B552-0AB3AC4D9CA9}.Release|Win32.Build.0 = Release|Win32
		{99E44E46-10B0-4928-903F-49138F1E5819}.Debug Multithreaded|Win32.ActiveCfg = Debug MX|Win32
		{99E44E46-10B0-4928-903F-49138F1E5819}.Debug Multithreaded|Win32.Build.0 = Debug MX|Win32
		{99E44E46-10B0-4928-903F-49138F1E5819}.Debug MX|Win32.ActiveCfg = Debug MX|Win32
		{99E44E46-10B0-4928-903F-49138F1E5819}.Debug MX|Win32.Build.0 = Debug MX|Win32
		{99E44E46-10B0-4928-903F-49138F1E5819}.Debug Singlethreaded|Win32.ActiveCfg = Debug MX|Win32
		{99E44E46-10B0-4928-903F-49138F1E5819}.Debug Singlethreaded|Win32.Build.0 = Debug MX|Win32
		{99E44E46-10B0-4928-903F-49138F1E5819}.Debug|Win32.ActiveCfg = Debug|Win32
		{99E44E46-10B0-4928-903F-49138F1E5819}.Debug|Win32.Build.0 = Debug|Win32
		{99E44E46-10B0-4928-903F-49138F1E5819}.Release Multithreaded|Win32.ActiveCfg = Release MX|Win32
		{99E44E46-10B0-4928-903F-49138F1E5819}.Release Multithreaded|Win32.Build.0 = Release MX|Win32
		{99E44E46-10B0-4928-903F-49138F1E5819}.Release MX|Win32.ActiveCfg = Release MX|Win32
		{99E44E46-10B0-4928-903F-49138F1E5819}.Release MX|Win32.Build.0 = Release MX|Win32
		{99E44E46-10B0-4928-903F-49138F1E5819}.Release Singlethreaded|Win32.ActiveCfg = Release MX|Win32
		{99E44E46-10B0-4928-903F-49138F1E5819}.Release Singlethreaded|Win32.Build.0 = Release MX|Win32
		{99E44E46-10B0-4928-903F-49138F1E5819}.Release|Win32.ActiveCfg = Release|Win32
		{99E44E46-10B0-4928-903F-49138F1E5819}.Release|Win32.Build.0 = Release|Win32
		{1D758EEA-59C3-46E4-BEF5-16DCCA8C0B21}.Debug Multithreaded|Win32.ActiveCfg = Debug|Win32
		{1D758EEA-59C3-46E4-BEF5-16DCCA8C0B21}.Debug Multithreaded|Win32.Build.0 = Debug|Win32
		{1D758EEA-59C3-46E4-BEF5-16DCCA8C0B21}.Debug MX|Win32.ActiveCfg = Debug|Win32
		{1D758EEA-59C3-46E4-BEF5-16DCCA8C0B21}.Debug MX|Win32.Build.0 = Debug|Win32
		{1D758EEA-59C3-46E4-BEF5-16DCCA8C0B21}.Debug Singlethreaded|Win32.ActiveCfg = Debug|Win32
		{1D758EEA-59C3-46E4-BEF5-16DCCA8C0B21}.Debug Singlethreaded|Win32.Build.0 = Debug|Win32
		{1D758EEA-59C3-46E4-BEF5-16DCCA8C0B21}.Debug|Win32.ActiveCfg = Debug|Win32
		{1D758EEA-59C3-46E4-BEF5-16DCCA8C0B21}.Debug|Win32.Build.0 = Debug|Win32
		{1D758EEA-59C3-46E4-BEF5-16DCCA8C0B21}.Release Multithreaded|Win32.ActiveCfg = Release|Win32
		{1D758EEA-59C3-46E4-BEF5-16DCCA8C0B21}.Release Multithreaded|Win32.Build.0 = Release|Win32
		{1D758EEA-59C3-46E4-BEF5-16DCCA8C0B21}.Release MX|Win32.ActiveCfg = Release|Win32
		{1D758EEA-59C3-46E4-BEF5-16DCCA8C0B21}.Release MX|Win32.Build.0 = Release|Win32
		{1D758EEA-59C3-46E4-BEF5-16DCCA8C0B21}.Release Singlethreaded|Win32.ActiveCfg = Release|Win32
		{1D758EEA-59C3-46E4-BEF5-16DCCA8C0B21}.Release Singlethreaded|Win32.Build.0 = Release|Win32
		{1D758EEA-59C3-46E4-BEF5-16DCCA8C0B21}.Release|Win32.ActiveCfg = Release|Win32
		{1D758EEA-59C3-46E4-BEF5-16DCCA8C0B21}.Release|Win32.Build.0 = Release|Win32
		{78B079BD-9FC7-4B9E-B4A6-96DA0F00248B}.Debug Multithreaded|Win32.ActiveCfg = Debug Multithreaded|Win32
		{78B079BD-9FC7-4B9E-B4A6-96DA0F00248B}.Debug Multithreaded|Win32.Build.0 = Debug Multithreaded|Win32
		{78B079BD-9FC7-4B9E-B4A6-96DA0F00248B}.Debug MX|Win32.ActiveCfg = Debug Multithreaded|Win32
		{78B079BD-9FC7-4B9E-B4A6-96DA0F00248B}.Debug MX|Win32.Build.0 = Debug Multithreaded|Win32
		{78B079BD-9FC7-4B9E-B4A6-96DA0F00248B}.Debug Singlethreaded|Win32.ActiveCfg = Debug Singlethreaded|Win32
		{78B079BD-9FC7-4B9E-B4A6-96DA0F00248B}.Debug Singlethreaded|Win32.Build.0 = Debug Singlethreaded|Win32
		{78B079BD-9FC7-4B9E-B4A6-96DA0F00248B}.Debug|Win32.ActiveCfg = Debug|Win32
		{78B079BD-9FC7-4B9E-B4A6-96DA0F00248B}.Debug|Win32.Build.0 = Debug|Win32
		{78B079BD-9FC7-4B9E-B4A6-96DA0F00248B}.Release Multithreaded|Win32.ActiveCfg = Release Multithreaded|Win32
		{78B079BD-9FC7-4B9E-B4A6-96DA0F00248B}.Release Multithreaded|Win32.Build.0 = Release Multithreaded|Win32
		{78B079BD-9FC7-4B9E-B4A6-96DA0F00248B}.Release MX|Win32.ActiveCfg = Release Multithreaded|Win32
		{78B079BD-9FC7-4B9E-B4A6-96DA0F00248B}.Release MX|Win32.Build.0 = Release Multithreaded|Win32
		{78B079BD-9FC7-4B9E-B4A6-96DA0F00248B}.Release Singlethreaded|Win32.ActiveCfg = Release Singlethreaded|Win32
		{78B079BD-9FC7-4B9E-B4A6-96DA0F00248B}.Release Singlethreaded|Win32.Build.0 = Release Singlethreaded|Win32
		{78B079BD-9FC7-4B9E-B4A6-96DA0F00248B}.Release|Win32.ActiveCfg = Release|Win32
		{78B079BD-9FC7-4B9E-B4A6-96DA0F00248B}.Release|Win32.Build.0 = Release|Win32
	EndGlobalSection
	GlobalSection(SolutionProperties) = preSolution
		HideSolutionNode = FALSE
	EndGlobalSection
EndGlobal
