
Microsoft Visual Studio Solution File, Format Version 10.00
# Visual C++ Express 2008
Project("{8BC9CEB8-8B4A-11D0-8D11-00A0C91BC942}") = "POC", "POC\POC.vcproj", "{1726741D-B6DA-43DB-A6E1-FB9F4986151F}"
EndProject
Global
	GlobalSection(SolutionConfigurationPlatforms) = preSolution
		Debug|Win32 = Debug|Win32
		Release|Win32 = Release|Win32
	EndGlobalSection
	GlobalSection(ProjectConfigurationPlatforms) = postSolution
		{1726741D-B6DA-43DB-A6E1-FB9F4986151F}.Debug|Win32.ActiveCfg = Debug|Win32
		{1726741D-B6DA-43DB-A6E1-FB9F4986151F}.Debug|Win32.Build.0 = Debug|Win32
		{1726741D-B6DA-43DB-A6E1-FB9F4986151F}.Release|Win32.ActiveCfg = Release|Win32
		{1726741D-B6DA-43DB-A6E1-FB9F4986151F}.Release|Win32.Build.0 = Release|Win32
	EndGlobalSection
	GlobalSection(SolutionProperties) = preSolution
		HideSolutionNode = FALSE
	EndGlobalSection
EndGlobal
